// !$*UTF8*$!
{
	archiveVersion = 1;
	classes = {
	};
	objectVersion = 56;
	objects = {

/* Begin PBXBuildFile section */
		660530AF2BA4AEB2005E884A /* AppDelegate.swift in Sources */ = {isa = PBXBuildFile; fileRef = 660530AE2BA4AEB2005E884A /* AppDelegate.swift */; };
		660530B12BA4AEB2005E884A /* SceneDelegate.swift in Sources */ = {isa = PBXBuildFile; fileRef = 660530B02BA4AEB2005E884A /* SceneDelegate.swift */; };
		660530B32BA4AEB2005E884A /* ViewController.swift in Sources */ = {isa = PBXBuildFile; fileRef = 660530B22BA4AEB2005E884A /* ViewController.swift */; };
		660530B62BA4AEB2005E884A /* Main.storyboard in Resources */ = {isa = PBXBuildFile; fileRef = 660530B42BA4AEB2005E884A /* Main.storyboard */; };
		660530B82BA4AEB3005E884A /* Assets.xcassets in Resources */ = {isa = PBXBuildFile; fileRef = 660530B72BA4AEB3005E884A /* Assets.xcassets */; };
		660530BB2BA4AEB3005E884A /* LaunchScreen.storyboard in Resources */ = {isa = PBXBuildFile; fileRef = 660530B92BA4AEB3005E884A /* LaunchScreen.storyboard */; };
		660530C62BA4AEB3005E884A /* ObjectsWithCodeTests.swift in Sources */ = {isa = PBXBuildFile; fileRef = 660530C52BA4AEB3005E884A /* ObjectsWithCodeTests.swift */; };
		660530D02BA4AEB3005E884A /* ObjectsWithCodeUITests.swift in Sources */ = {isa = PBXBuildFile; fileRef = 660530CF2BA4AEB3005E884A /* ObjectsWithCodeUITests.swift */; };
		660530D22BA4AEB3005E884A /* ObjectsWithCodeUITestsLaunchTests.swift in Sources */ = {isa = PBXBuildFile; fileRef = 660530D12BA4AEB3005E884A /* ObjectsWithCodeUITestsLaunchTests.swift */; };
/* End PBXBuildFile section */

/* Begin PBXContainerItemProxy section */
		660530C22BA4AEB3005E884A /* PBXContainerItemProxy */ = {
			isa = PBXContainerItemProxy;
			containerPortal = 660530A32BA4AEB2005E884A /* Project object */;
			proxyType = 1;
			remoteGlobalIDString = 660530AA2BA4AEB2005E884A;
			remoteInfo = ObjectsWithCode;
		};
		660530CC2BA4AEB3005E884A /* PBXContainerItemProxy */ = {
			isa = PBXContainerItemProxy;
			containerPortal = 660530A32BA4AEB2005E884A /* Project object */;
			proxyType = 1;
			remoteGlobalIDString = 660530AA2BA4AEB2005E884A;
			remoteInfo = ObjectsWithCode;
		};
/* End PBXContainerItemProxy section */

/* Begin PBXFileReference section */
		660530AB2BA4AEB2005E884A /* ObjectsWithCode.app */ = {isa = PBXFileReference; explicitFileType = wrapper.application; includeInIndex = 0; path = ObjectsWithCode.app; sourceTree = BUILT_PRODUCTS_DIR; };
		660530AE2BA4AEB2005E884A /* AppDelegate.swift */ = {isa = PBXFileReference; lastKnownFileType = sourcecode.swift; path = AppDelegate.swift; sourceTree = "<group>"; };
		660530B02BA4AEB2005E884A /* SceneDelegate.swift */ = {isa = PBXFileReference; lastKnownFileType = sourcecode.swift; path = SceneDelegate.swift; sourceTree = "<group>"; };
		660530B22BA4AEB2005E884A /* ViewController.swift */ = {isa = PBXFileReference; lastKnownFileType = sourcecode.swift; path = ViewController.swift; sourceTree = "<group>"; };
		660530B52BA4AEB2005E884A /* Base */ = {isa = PBXFileReference; lastKnownFileType = file.storyboard; name = Base; path = Base.lproj/Main.storyboard; sourceTree = "<group>"; };
		660530B72BA4AEB3005E884A /* Assets.xcassets */ = {isa = PBXFileReference; lastKnownFileType = folder.assetcatalog; path = Assets.xcassets; sourceTree = "<group>"; };
		660530BA2BA4AEB3005E884A /* Base */ = {isa = PBXFileReference; lastKnownFileType = file.storyboard; name = Base; path = Base.lproj/LaunchScreen.storyboard; sourceTree = "<group>"; };
		660530BC2BA4AEB3005E884A /* Info.plist */ = {isa = PBXFileReference; lastKnownFileType = text.plist.xml; path = Info.plist; sourceTree = "<group>"; };
		660530C12BA4AEB3005E884A /* ObjectsWithCodeTests.xctest */ = {isa = PBXFileReference; explicitFileType = wrapper.cfbundle; includeInIndex = 0; path = ObjectsWithCodeTests.xctest; sourceTree = BUILT_PRODUCTS_DIR; };
		660530C52BA4AEB3005E884A /* ObjectsWithCodeTests.swift */ = {isa = PBXFileReference; lastKnownFileType = sourcecode.swift; path = ObjectsWithCodeTests.swift; sourceTree = "<group>"; };
		660530CB2BA4AEB3005E884A /* ObjectsWithCodeUITests.xctest */ = {isa = PBXFileReference; explicitFileType = wrapper.cfbundle; includeInIndex = 0; path = ObjectsWithCodeUITests.xctest; sourceTree = BUILT_PRODUCTS_DIR; };
		660530CF2BA4AEB3005E884A /* ObjectsWithCodeUITests.swift */ = {isa = PBXFileReference; lastKnownFileType = sourcecode.swift; path = ObjectsWithCodeUITests.swift; sourceTree = "<group>"; };
		660530D12BA4AEB3005E884A /* ObjectsWithCodeUITestsLaunchTests.swift */ = {isa = PBXFileReference; lastKnownFileType = sourcecode.swift; path = ObjectsWithCodeUITestsLaunchTests.swift; sourceTree = "<group>"; };
/* End PBXFileReference section */

/* Begin PBXFrameworksBuildPhase section */
		660530A82BA4AEB2005E884A /* Frameworks */ = {
			isa = PBXFrameworksBuildPhase;
			buildActionMask = 2147483647;
			files = (
			);
			runOnlyForDeploymentPostprocessing = 0;
		};
		660530BE2BA4AEB3005E884A /* Frameworks */ = {
			isa = PBXFrameworksBuildPhase;
			buildActionMask = 2147483647;
			files = (
			);
			runOnlyForDeploymentPostprocessing = 0;
		};
		660530C82BA4AEB3005E884A /* Frameworks */ = {
			isa = PBXFrameworksBuildPhase;
			buildActionMask = 2147483647;
			files = (
			);
			runOnlyForDeploymentPostprocessing = 0;
		};
/* End PBXFrameworksBuildPhase section */

/* Begin PBXGroup section */
		660530A22BA4AEB2005E884A = {
			isa = PBXGroup;
			children = (
				660530AD2BA4AEB2005E884A /* ObjectsWithCode */,
				660530C42BA4AEB3005E884A /* ObjectsWithCodeTests */,
				660530CE2BA4AEB3005E884A /* ObjectsWithCodeUITests */,
				660530AC2BA4AEB2005E884A /* Products */,
			);
			sourceTree = "<group>";
		};
		660530AC2BA4AEB2005E884A /* Products */ = {
			isa = PBXGroup;
			children = (
				660530AB2BA4AEB2005E884A /* ObjectsWithCode.app */,
				660530C12BA4AEB3005E884A /* ObjectsWithCodeTests.xctest */,
				660530CB2BA4AEB3005E884A /* ObjectsWithCodeUITests.xctest */,
			);
			name = Products;
			sourceTree = "<group>";
		};
		660530AD2BA4AEB2005E884A /* ObjectsWithCode */ = {
			isa = PBXGroup;
			children = (
				660530AE2BA4AEB2005E884A /* AppDelegate.swift */,
				660530B02BA4AEB2005E884A /* SceneDelegate.swift */,
				660530B22BA4AEB2005E884A /* ViewController.swift */,
				660530B42BA4AEB2005E884A /* Main.storyboard */,
				660530B72BA4AEB3005E884A /* Assets.xcassets */,
				660530B92BA4AEB3005E884A /* LaunchScreen.storyboard */,
				660530BC2BA4AEB3005E884A /* Info.plist */,
			);
			path = ObjectsWithCode;
			sourceTree = "<group>";
		};
		660530C42BA4AEB3005E884A /* ObjectsWithCodeTests */ = {
			isa = PBXGroup;
			children = (
				660530C52BA4AEB3005E884A /* ObjectsWithCodeTests.swift */,
			);
			path = ObjectsWithCodeTests;
			sourceTree = "<group>";
		};
		660530CE2BA4AEB3005E884A /* ObjectsWithCodeUITests */ = {
			isa = PBXGroup;
			children = (
				660530CF2BA4AEB3005E884A /* ObjectsWithCodeUITests.swift */,
				660530D12BA4AEB3005E884A /* ObjectsWithCodeUITestsLaunchTests.swift */,
			);
			path = ObjectsWithCodeUITests;
			sourceTree = "<group>";
		};
/* End PBXGroup section */

/* Begin PBXNativeTarget section */
		660530AA2BA4AEB2005E884A /* ObjectsWithCode */ = {
			isa = PBXNativeTarget;
			buildConfigurationList = 660530D52BA4AEB3005E884A /* Build configuration list for PBXNativeTarget "ObjectsWithCode" */;
			buildPhases = (
				660530A72BA4AEB2005E884A /* Sources */,
				660530A82BA4AEB2005E884A /* Frameworks */,
				660530A92BA4AEB2005E884A /* Resources */,
			);
			buildRules = (
			);
			dependencies = (
			);
			name = ObjectsWithCode;
			productName = ObjectsWithCode;
			productReference = 660530AB2BA4AEB2005E884A /* ObjectsWithCode.app */;
			productType = "com.apple.product-type.application";
		};
		660530C02BA4AEB3005E884A /* ObjectsWithCodeTests */ = {
			isa = PBXNativeTarget;
			buildConfigurationList = 660530D82BA4AEB3005E884A /* Build configuration list for PBXNativeTarget "ObjectsWithCodeTests" */;
			buildPhases = (
				660530BD2BA4AEB3005E884A /* Sources */,
				660530BE2BA4AEB3005E884A /* Frameworks */,
				660530BF2BA4AEB3005E884A /* Resources */,
			);
			buildRules = (
			);
			dependencies = (
				660530C32BA4AEB3005E884A /* PBXTargetDependency */,
			);
			name = ObjectsWithCodeTests;
			productName = ObjectsWithCodeTests;
			productReference = 660530C12BA4AEB3005E884A /* ObjectsWithCodeTests.xctest */;
			productType = "com.apple.product-type.bundle.unit-test";
		};
		660530CA2BA4AEB3005E884A /* ObjectsWithCodeUITests */ = {
			isa = PBXNativeTarget;
			buildConfigurationList = 660530DB2BA4AEB3005E884A /* Build configuration list for PBXNativeTarget "ObjectsWithCodeUITests" */;
			buildPhases = (
				660530C72BA4AEB3005E884A /* Sources */,
				660530C82BA4AEB3005E884A /* Frameworks */,
				660530C92BA4AEB3005E884A /* Resources */,
			);
			buildRules = (
			);
			dependencies = (
				660530CD2BA4AEB3005E884A /* PBXTargetDependency */,
			);
			name = ObjectsWithCodeUITests;
			productName = ObjectsWithCodeUITests;
			productReference = 660530CB2BA4AEB3005E884A /* ObjectsWithCodeUITests.xctest */;
			productType = "com.apple.product-type.bundle.ui-testing";
		};
/* End PBXNativeTarget section */

/* Begin PBXProject section */
		660530A32BA4AEB2005E884A /* Project object */ = {
			isa = PBXProject;
			attributes = {
				BuildIndependentTargetsInParallel = 1;
				LastSwiftUpdateCheck = 1520;
				LastUpgradeCheck = 1520;
				TargetAttributes = {
					660530AA2BA4AEB2005E884A = {
						CreatedOnToolsVersion = 15.2;
					};
					660530C02BA4AEB3005E884A = {
						CreatedOnToolsVersion = 15.2;
						TestTargetID = 660530AA2BA4AEB2005E884A;
					};
					660530CA2BA4AEB3005E884A = {
						CreatedOnToolsVersion = 15.2;
						TestTargetID = 660530AA2BA4AEB2005E884A;
					};
				};
			};
			buildConfigurationList = 660530A62BA4AEB2005E884A /* Build configuration list for PBXProject "ObjectsWithCode" */;
			compatibilityVersion = "Xcode 14.0";
			developmentRegion = en;
			hasScannedForEncodings = 0;
			knownRegions = (
				en,
				Base,
			);
			mainGroup = 660530A22BA4AEB2005E884A;
			productRefGroup = 660530AC2BA4AEB2005E884A /* Products */;
			projectDirPath = "";
			projectRoot = "";
			targets = (
				660530AA2BA4AEB2005E884A /* ObjectsWithCode */,
				660530C02BA4AEB3005E884A /* ObjectsWithCodeTests */,
				660530CA2BA4AEB3005E884A /* ObjectsWithCodeUITests */,
			);
		};
/* End PBXProject section */

/* Begin PBXResourcesBuildPhase section */
		660530A92BA4AEB2005E884A /* Resources */ = {
			isa = PBXResourcesBuildPhase;
			buildActionMask = 2147483647;
			files = (
				660530BB2BA4AEB3005E884A /* LaunchScreen.storyboard in Resources */,
				660530B82BA4AEB3005E884A /* Assets.xcassets in Resources */,
				660530B62BA4AEB2005E884A /* Main.storyboard in Resources */,
			);
			runOnlyForDeploymentPostprocessing = 0;
		};
		660530BF2BA4AEB3005E884A /* Resources */ = {
			isa = PBXResourcesBuildPhase;
			buildActionMask = 2147483647;
			files = (
			);
			runOnlyForDeploymentPostprocessing = 0;
		};
		660530C92BA4AEB3005E884A /* Resources */ = {
			isa = PBXResourcesBuildPhase;
			buildActionMask = 2147483647;
			files = (
			);
			runOnlyForDeploymentPostprocessing = 0;
		};
/* End PBXResourcesBuildPhase section */

/* Begin PBXSourcesBuildPhase section */
		660530A72BA4AEB2005E884A /* Sources */ = {
			isa = PBXSourcesBuildPhase;
			buildActionMask = 2147483647;
			files = (
				660530B32BA4AEB2005E884A /* ViewController.swift in Sources */,
				660530AF2BA4AEB2005E884A /* AppDelegate.swift in Sources */,
				660530B12BA4AEB2005E884A /* SceneDelegate.swift in Sources */,
			);
			runOnlyForDeploymentPostprocessing = 0;
		};
		660530BD2BA4AEB3005E884A /* Sources */ = {
			isa = PBXSourcesBuildPhase;
			buildActionMask = 2147483647;
			files = (
				660530C62BA4AEB3005E884A /* ObjectsWithCodeTests.swift in Sources */,
			);
			runOnlyForDeploymentPostprocessing = 0;
		};
		660530C72BA4AEB3005E884A /* Sources */ = {
			isa = PBXSourcesBuildPhase;
			buildActionMask = 2147483647;
			files = (
				660530D22BA4AEB3005E884A /* ObjectsWithCodeUITestsLaunchTests.swift in Sources */,
				660530D02BA4AEB3005E884A /* ObjectsWithCodeUITests.swift in Sources */,
			);
			runOnlyForDeploymentPostprocessing = 0;
		};
/* End PBXSourcesBuildPhase section */

/* Begin PBXTargetDependency section */
		660530C32BA4AEB3005E884A /* PBXTargetDependency */ = {
			isa = PBXTargetDependency;
			target = 660530AA2BA4AEB2005E884A /* ObjectsWithCode */;
			targetProxy = 660530C22BA4AEB3005E884A /* PBXContainerItemProxy */;
		};
		660530CD2BA4AEB3005E884A /* PBXTargetDependency */ = {
			isa = PBXTargetDependency;
			target = 660530AA2BA4AEB2005E884A /* ObjectsWithCode */;
			targetProxy = 660530CC2BA4AEB3005E884A /* PBXContainerItemProxy */;
		};
/* End PBXTargetDependency section */

/* Begin PBXVariantGroup section */
		660530B42BA4AEB2005E884A /* Main.storyboard */ = {
			isa = PBXVariantGroup;
			children = (
				660530B52BA4AEB2005E884A /* Base */,
			);
			name = Main.storyboard;
			sourceTree = "<group>";
		};
		660530B92BA4AEB3005E884A /* LaunchScreen.storyboard */ = {
			isa = PBXVariantGroup;
			children = (
				660530BA2BA4AEB3005E884A /* Base */,
			);
			name = LaunchScreen.storyboard;
			sourceTree = "<group>";
		};
/* End PBXVariantGroup section */

/* Begin XCBuildConfiguration section */
		660530D32BA4AEB3005E884A /* Debug */ = {
			isa = XCBuildConfiguration;
			buildSettings = {
				ALWAYS_SEARCH_USER_PATHS = NO;
				ASSETCATALOG_COMPILER_GENERATE_SWIFT_ASSET_SYMBOL_EXTENSIONS = YES;
				CLANG_ANALYZER_NONNULL = YES;
				CLANG_ANALYZER_NUMBER_OBJECT_CONVERSION = YES_AGGRESSIVE;
				CLANG_CXX_LANGUAGE_STANDARD = "gnu++20";
				CLANG_ENABLE_MODULES = YES;
				CLANG_ENABLE_OBJC_ARC = YES;
				CLANG_ENABLE_OBJC_WEAK = YES;
				CLANG_WARN_BLOCK_CAPTURE_AUTORELEASING = YES;
				CLANG_WARN_BOOL_CONVERSION = YES;
				CLANG_WARN_COMMA = YES;
				CLANG_WARN_CONSTANT_CONVERSION = YES;
				CLANG_WARN_DEPRECATED_OBJC_IMPLEMENTATIONS = YES;
				CLANG_WARN_DIRECT_OBJC_ISA_USAGE = YES_ERROR;
				CLANG_WARN_DOCUMENTATION_COMMENTS = YES;
				CLANG_WARN_EMPTY_BODY = YES;
				CLANG_WARN_ENUM_CONVERSION = YES;
				CLANG_WARN_INFINITE_RECURSION = YES;
				CLANG_WARN_INT_CONVERSION = YES;
				CLANG_WARN_NON_LITERAL_NULL_CONVERSION = YES;
				CLANG_WARN_OBJC_IMPLICIT_RETAIN_SELF = YES;
				CLANG_WARN_OBJC_LITERAL_CONVERSION = YES;
				CLANG_WARN_OBJC_ROOT_CLASS = YES_ERROR;
				CLANG_WARN_QUOTED_INCLUDE_IN_FRAMEWORK_HEADER = YES;
				CLANG_WARN_RANGE_LOOP_ANALYSIS = YES;
				CLANG_WARN_STRICT_PROTOTYPES = YES;
				CLANG_WARN_SUSPICIOUS_MOVE = YES;
				CLANG_WARN_UNGUARDED_AVAILABILITY = YES_AGGRESSIVE;
				CLANG_WARN_UNREACHABLE_CODE = YES;
				CLANG_WARN__DUPLICATE_METHOD_MATCH = YES;
				COPY_PHASE_STRIP = NO;
				DEBUG_INFORMATION_FORMAT = dwarf;
				ENABLE_STRICT_OBJC_MSGSEND = YES;
				ENABLE_TESTABILITY = YES;
				ENABLE_USER_SCRIPT_SANDBOXING = YES;
				GCC_C_LANGUAGE_STANDARD = gnu17;
				GCC_DYNAMIC_NO_PIC = NO;
				GCC_NO_COMMON_BLOCKS = YES;
				GCC_OPTIMIZATION_LEVEL = 0;
				GCC_PREPROCESSOR_DEFINITIONS = (
					"DEBUG=1",
					"$(inherited)",
				);
				GCC_WARN_64_TO_32_BIT_CONVERSION = YES;
				GCC_WARN_ABOUT_RETURN_TYPE = YES_ERROR;
				GCC_WARN_UNDECLARED_SELECTOR = YES;
				GCC_WARN_UNINITIALIZED_AUTOS = YES_AGGRESSIVE;
				GCC_WARN_UNUSED_FUNCTION = YES;
				GCC_WARN_UNUSED_VARIABLE = YES;
				IPHONEOS_DEPLOYMENT_TARGET = 17.2;
				LOCALIZATION_PREFERS_STRING_CATALOGS = YES;
				MTL_ENABLE_DEBUG_INFO = INCLUDE_SOURCE;
				MTL_FAST_MATH = YES;
				ONLY_ACTIVE_ARCH = YES;
				SDKROOT = iphoneos;
				SWIFT_ACTIVE_COMPILATION_CONDITIONS = "DEBUG $(inherited)";
				SWIFT_OPTIMIZATION_LEVEL = "-Onone";
			};
			name = Debug;
		};
		660530D42BA4AEB3005E884A /* Release */ = {
			isa = XCBuildConfiguration;
			buildSettings = {
				ALWAYS_SEARCH_USER_PATHS = NO;
				ASSETCATALOG_COMPILER_GENERATE_SWIFT_ASSET_SYMBOL_EXTENSIONS = YES;
				CLANG_ANALYZER_NONNULL = YES;
				CLANG_ANALYZER_NUMBER_OBJECT_CONVERSION = YES_AGGRESSIVE;
				CLANG_CXX_LANGUAGE_STANDARD = "gnu++20";
				CLANG_ENABLE_MODULES = YES;
				CLANG_ENABLE_OBJC_ARC = YES;
				CLANG_ENABLE_OBJC_WEAK = YES;
				CLANG_WARN_BLOCK_CAPTURE_AUTORELEASING = YES;
				CLANG_WARN_BOOL_CONVERSION = YES;
				CLANG_WARN_COMMA = YES;
				CLANG_WARN_CONSTANT_CONVERSION = YES;
				CLANG_WARN_DEPRECATED_OBJC_IMPLEMENTATIONS = YES;
				CLANG_WARN_DIRECT_OBJC_ISA_USAGE = YES_ERROR;
				CLANG_WARN_DOCUMENTATION_COMMENTS = YES;
				CLANG_WARN_EMPTY_BODY = YES;
				CLANG_WARN_ENUM_CONVERSION = YES;
				CLANG_WARN_INFINITE_RECURSION = YES;
				CLANG_WARN_INT_CONVERSION = YES;
				CLANG_WARN_NON_LITERAL_NULL_CONVERSION = YES;
				CLANG_WARN_OBJC_IMPLICIT_RETAIN_SELF = YES;
				CLANG_WARN_OBJC_LITERAL_CONVERSION = YES;
				CLANG_WARN_OBJC_ROOT_CLASS = YES_ERROR;
				CLANG_WARN_QUOTED_INCLUDE_IN_FRAMEWORK_HEADER = YES;
				CLANG_WARN_RANGE_LOOP_ANALYSIS = YES;
				CLANG_WARN_STRICT_PROTOTYPES = YES;
				CLANG_WARN_SUSPICIOUS_MOVE = YES;
				CLANG_WARN_UNGUARDED_AVAILABILITY = YES_AGGRESSIVE;
				CLANG_WARN_UNREACHABLE_CODE = YES;
				CLANG_WARN__DUPLICATE_METHOD_MATCH = YES;
				COPY_PHASE_STRIP = NO;
				DEBUG_INFORMATION_FORMAT = "dwarf-with-dsym";
				ENABLE_NS_ASSERTIONS = NO;
				ENABLE_STRICT_OBJC_MSGSEND = YES;
				ENABLE_USER_SCRIPT_SANDBOXING = YES;
				GCC_C_LANGUAGE_STANDARD = gnu17;
				GCC_NO_COMMON_BLOCKS = YES;
				GCC_WARN_64_TO_32_BIT_CONVERSION = YES;
				GCC_WARN_ABOUT_RETURN_TYPE = YES_ERROR;
				GCC_WARN_UNDECLARED_SELECTOR = YES;
				GCC_WARN_UNINITIALIZED_AUTOS = YES_AGGRESSIVE;
				GCC_WARN_UNUSED_FUNCTION = YES;
				GCC_WARN_UNUSED_VARIABLE = YES;
				IPHONEOS_DEPLOYMENT_TARGET = 17.2;
				LOCALIZATION_PREFERS_STRING_CATALOGS = YES;
				MTL_ENABLE_DEBUG_INFO = NO;
				MTL_FAST_MATH = YES;
				SDKROOT = iphoneos;
				SWIFT_COMPILATION_MODE = wholemodule;
				VALIDATE_PRODUCT = YES;
			};
			name = Release;
		};
		660530D62BA4AEB3005E884A /* Debug */ = {
			isa = XCBuildConfiguration;
			buildSettings = {
				ASSETCATALOG_COMPILER_APPICON_NAME = AppIcon;
				ASSETCATALOG_COMPILER_GLOBAL_ACCENT_COLOR_NAME = AccentColor;
				CODE_SIGN_STYLE = Automatic;
				CURRENT_PROJECT_VERSION = 1;
				GENERATE_INFOPLIST_FILE = YES;
				INFOPLIST_FILE = ObjectsWithCode/Info.plist;
				INFOPLIST_KEY_UIApplicationSupportsIndirectInputEvents = YES;
				INFOPLIST_KEY_UILaunchStoryboardName = LaunchScreen;
				INFOPLIST_KEY_UIMainStoryboardFile = Main;
				INFOPLIST_KEY_UISupportedInterfaceOrientations_iPad = "UIInterfaceOrientationPortrait UIInterfaceOrientationPortraitUpsideDown UIInterfaceOrientationLandscapeLeft UIInterfaceOrientationLandscapeRight";
				INFOPLIST_KEY_UISupportedInterfaceOrientations_iPhone = "UIInterfaceOrientationPortrait UIInterfaceOrientationLandscapeLeft UIInterfaceOrientationLandscapeRight";
				LD_RUNPATH_SEARCH_PATHS = (
					"$(inherited)",
					"@executable_path/Frameworks",
				);
				MARKETING_VERSION = 1.0;
				PRODUCT_BUNDLE_IDENTIFIER = com.loumjermaine.ObjectsWithCode;
				PRODUCT_NAME = "$(TARGET_NAME)";
				SWIFT_EMIT_LOC_STRINGS = YES;
				SWIFT_VERSION = 5.0;
				TARGETED_DEVICE_FAMILY = "1,2";
			};
			name = Debug;
		};
		660530D72BA4AEB3005E884A /* Release */ = {
			isa = XCBuildConfiguration;
			buildSettings = {
				ASSETCATALOG_COMPILER_APPICON_NAME = AppIcon;
				ASSETCATALOG_COMPILER_GLOBAL_ACCENT_COLOR_NAME = AccentColor;
				CODE_SIGN_STYLE = Automatic;
				CURRENT_PROJECT_VERSION = 1;
				GENERATE_INFOPLIST_FILE = YES;
				INFOPLIST_FILE = ObjectsWithCode/Info.plist;
				INFOPLIST_KEY_UIApplicationSupportsIndirectInputEvents = YES;
				INFOPLIST_KEY_UILaunchStoryboardName = LaunchScreen;
				INFOPLIST_KEY_UIMainStoryboardFile = Main;
				INFOPLIST_KEY_UISupportedInterfaceOrientations_iPad = "UIInterfaceOrientationPortrait UIInterfaceOrientationPortraitUpsideDown UIInterfaceOrientationLandscapeLeft UIInterfaceOrientationLandscapeRight";
				INFOPLIST_KEY_UISupportedInterfaceOrientations_iPhone = "UIInterfaceOrientationPortrait UIInterfaceOrientationLandscapeLeft UIInterfaceOrientationLandscapeRight";
				LD_RUNPATH_SEARCH_PATHS = (
					"$(inherited)",
					"@executable_path/Frameworks",
				);
				MARKETING_VERSION = 1.0;
				PRODUCT_BUNDLE_IDENTIFIER = com.loumjermaine.ObjectsWithCode;
				PRODUCT_NAME = "$(TARGET_NAME)";
				SWIFT_EMIT_LOC_STRINGS = YES;
				SWIFT_VERSION = 5.0;
				TARGETED_DEVICE_FAMILY = "1,2";
			};
			name = Release;
		};
		660530D92BA4AEB3005E884A /* Debug */ = {
			isa = XCBuildConfiguration;
			buildSettings = {
				ALWAYS_EMBED_SWIFT_STANDARD_LIBRARIES = YES;
				BUNDLE_LOADER = "$(TEST_HOST)";
				CODE_SIGN_STYLE = Automatic;
				CURRENT_PROJECT_VERSION = 1;
				GENERATE_INFOPLIST_FILE = YES;
				IPHONEOS_DEPLOYMENT_TARGET = 17.2;
				MARKETING_VERSION = 1.0;
				PRODUCT_BUNDLE_IDENTIFIER = com.loumjermaine.ObjectsWithCodeTests;
				PRODUCT_NAME = "$(TARGET_NAME)";
				SWIFT_EMIT_LOC_STRINGS = NO;
				SWIFT_VERSION = 5.0;
				TARGETED_DEVICE_FAMILY = "1,2";
				TEST_HOST = "$(BUILT_PRODUCTS_DIR)/ObjectsWithCode.app/$(BUNDLE_EXECUTABLE_FOLDER_PATH)/ObjectsWithCode";
			};
			name = Debug;
		};
		660530DA2BA4AEB3005E884A /* Release */ = {
			isa = XCBuildConfiguration;
			buildSettings = {
				ALWAYS_EMBED_SWIFT_STANDARD_LIBRARIES = YES;
				BUNDLE_LOADER = "$(TEST_HOST)";
				CODE_SIGN_STYLE = Automatic;
				CURRENT_PROJECT_VERSION = 1;
				GENERATE_INFOPLIST_FILE = YES;
				IPHONEOS_DEPLOYMENT_TARGET = 17.2;
				MARKETING_VERSION = 1.0;
				PRODUCT_BUNDLE_IDENTIFIER = com.loumjermaine.ObjectsWithCodeTests;
				PRODUCT_NAME = "$(TARGET_NAME)";
				SWIFT_EMIT_LOC_STRINGS = NO;
				SWIFT_VERSION = 5.0;
				TARGETED_DEVICE_FAMILY = "1,2";
				TEST_HOST = "$(BUILT_PRODUCTS_DIR)/ObjectsWithCode.app/$(BUNDLE_EXECUTABLE_FOLDER_PATH)/ObjectsWithCode";
			};
			name = Release;
		};
		660530DC2BA4AEB3005E884A /* Debug */ = {
			isa = XCBuildConfiguration;
			buildSettings = {
				ALWAYS_EMBED_SWIFT_STANDARD_LIBRARIES = YES;
				CODE_SIGN_STYLE = Automatic;
				CURRENT_PROJECT_VERSION = 1;
				GENERATE_INFOPLIST_FILE = YES;
				MARKETING_VERSION = 1.0;
				PRODUCT_BUNDLE_IDENTIFIER = com.loumjermaine.ObjectsWithCodeUITests;
				PRODUCT_NAME = "$(TARGET_NAME)";
				SWIFT_EMIT_LOC_STRINGS = NO;
				SWIFT_VERSION = 5.0;
				TARGETED_DEVICE_FAMILY = "1,2";
				TEST_TARGET_NAME = ObjectsWithCode;
			};
			name = Debug;
		};
		660530DD2BA4AEB3005E884A /* Release */ = {
			isa = XCBuildConfiguration;
			buildSettings = {
				ALWAYS_EMBED_SWIFT_STANDARD_LIBRARIES = YES;
				CODE_SIGN_STYLE = Automatic;
				CURRENT_PROJECT_VERSION = 1;
				GENERATE_INFOPLIST_FILE = YES;
				MARKETING_VERSION = 1.0;
				PRODUCT_BUNDLE_IDENTIFIER = com.loumjermaine.ObjectsWithCodeUITests;
				PRODUCT_NAME = "$(TARGET_NAME)";
				SWIFT_EMIT_LOC_STRINGS = NO;
				SWIFT_VERSION = 5.0;
				TARGETED_DEVICE_FAMILY = "1,2";
				TEST_TARGET_NAME = ObjectsWithCode;
			};
			name = Release;
		};
/* End XCBuildConfiguration section */

/* Begin XCConfigurationList section */
		660530A62BA4AEB2005E884A /* Build configuration list for PBXProject "ObjectsWithCode" */ = {
			isa = XCConfigurationList;
			buildConfigurations = (
				660530D32BA4AEB3005E884A /* Debug */,
				660530D42BA4AEB3005E884A /* Release */,
			);
			defaultConfigurationIsVisible = 0;
			defaultConfigurationName = Release;
		};
		660530D52BA4AEB3005E884A /* Build configuration list for PBXNativeTarget "ObjectsWithCode" */ = {
			isa = XCConfigurationList;
			buildConfigurations = (
				660530D62BA4AEB3005E884A /* Debug */,
				660530D72BA4AEB3005E884A /* Release */,
			);
			defaultConfigurationIsVisible = 0;
			defaultConfigurationName = Release;
		};
		660530D82BA4AEB3005E884A /* Build configuration list for PBXNativeTarget "ObjectsWithCodeTests" */ = {
			isa = XCConfigurationList;
			buildConfigurations = (
				660530D92BA4AEB3005E884A /* Debug */,
				660530DA2BA4AEB3005E884A /* Release */,
			);
			defaultConfigurationIsVisible = 0;
			defaultConfigurationName = Release;
		};
		660530DB2BA4AEB3005E884A /* Build configuration list for PBXNativeTarget "ObjectsWithCodeUITests" */ = {
			isa = XCConfigurationList;
			buildConfigurations = (
				660530DC2BA4AEB3005E884A /* Debug */,
				660530DD2BA4AEB3005E884A /* Release */,
			);
			defaultConfigurationIsVisible = 0;
			defaultConfigurationName = Release;
		};
/* End XCConfigurationList section */
	};
	rootObject = 660530A32BA4AEB2005E884A /* Project object */;
}
